
Microsoft Visual Studio Solution File, Format Version 12.00
# Visual Studio Version 17
VisualStudioVersion = 17.10.35027.167
MinimumVisualStudioVersion = 10.0.40219.1
Project("{9A19103F-16F7-4668-BE54-9A1E7A4F7556}") = "KidsLeisure.WinFormsUI", "KidsLeisure.WinFormsUI\KidsLeisure.WinFormsUI.csproj", "{547B936E-A079-40BE-9322-EE78FCF1B051}"
EndProject
Project("{9A19103F-16F7-4668-BE54-9A1E7A4F7556}") = "KidsLeisure.DAL", "KidsLeisure.DAL\KidsLeisure.DAL.csproj", "{DD540E62-E684-4275-B548-33BF9E879485}"
EndProject
Project("{9A19103F-16F7-4668-BE54-9A1E7A4F7556}") = "KidsLeisure.BLL", "KidsLeisure.BLL\KidsLeisure.BLL.csproj", "{D1993CA9-E84E-45AB-835A-F8DA564E685E}"
EndProject
Project("{9A19103F-16F7-4668-BE54-9A1E7A4F7556}") = "KidsLeisure.Tests", "KidsLeisure.Tests\KidsLeisure.Tests.csproj", "{BEBA0393-7B35-4007-ADCC-D47D3397D03F}"
EndProject
Global
	GlobalSection(SolutionConfigurationPlatforms) = preSolution
		Debug|Any CPU = Debug|Any CPU
		Release|Any CPU = Release|Any CPU
	EndGlobalSection
	GlobalSection(ProjectConfigurationPlatforms) = postSolution
		{547B936E-A079-40BE-9322-EE78FCF1B051}.Debug|Any CPU.ActiveCfg = Debug|Any CPU
		{547B936E-A079-40BE-9322-EE78FCF1B051}.Debug|Any CPU.Build.0 = Debug|Any CPU
		{547B936E-A079-40BE-9322-EE78FCF1B051}.Release|Any CPU.ActiveCfg = Release|Any CPU
		{547B936E-A079-40BE-9322-EE78FCF1B051}.Release|Any CPU.Build.0 = Release|Any CPU
		{DD540E62-E684-4275-B548-33BF9E879485}.Debug|Any CPU.ActiveCfg = Debug|Any CPU
		{DD540E62-E684-4275-B548-33BF9E879485}.Debug|Any CPU.Build.0 = Debug|Any CPU
		{DD540E62-E684-4275-B548-33BF9E879485}.Release|Any CPU.ActiveCfg = Release|Any CPU
		{DD540E62-E684-4275-B548-33BF9E879485}.Release|Any CPU.Build.0 = Release|Any CPU
		{D1993CA9-E84E-45AB-835A-F8DA564E685E}.Debug|Any CPU.ActiveCfg = Debug|Any CPU
		{D1993CA9-E84E-45AB-835A-F8DA564E685E}.Debug|Any CPU.Build.0 = Debug|Any CPU
		{D1993CA9-E84E-45AB-835A-F8DA564E685E}.Release|Any CPU.ActiveCfg = Release|Any CPU
		{D1993CA9-E84E-45AB-835A-F8DA564E685E}.Release|Any CPU.Build.0 = Release|Any CPU
		{BEBA0393-7B35-4007-ADCC-D47D3397D03F}.Debug|Any CPU.ActiveCfg = Debug|Any CPU
		{BEBA0393-7B35-4007-ADCC-D47D3397D03F}.Debug|Any CPU.Build.0 = Debug|Any CPU
		{BEBA0393-7B35-4007-ADCC-D47D3397D03F}.Release|Any CPU.ActiveCfg = Release|Any CPU
		{BEBA0393-7B35-4007-ADCC-D47D3397D03F}.Release|Any CPU.Build.0 = Release|Any CPU
	EndGlobalSection
	GlobalSection(SolutionProperties) = preSolution
		HideSolutionNode = FALSE
	EndGlobalSection
	GlobalSection(ExtensibilityGlobals) = postSolution
		SolutionGuid = {F490052F-F1D4-4914-8C38-6ACA127777C1}
	EndGlobalSection
EndGlobal
